
Microsoft Visual Studio Solution File, Format Version 12.00
# Visual Studio Version 16
VisualStudioVersion = 16.0.30621.155
MinimumVisualStudioVersion = 10.0.40219.1
Project("{FAE04EC0-301F-11D3-BF4B-00C04F79EFBC}") = "PortalPedidosAnclafBackend", "PortalPedidosAnclafBackend\PortalPedidosAnclafBackend.csproj", "{8B809D96-4A1C-4564-9212-145C931237F1}"
EndProject
Global
	GlobalSection(SolutionConfigurationPlatforms) = preSolution
		Debug|Any CPU = Debug|Any CPU
		Release|Any CPU = Release|Any CPU
	EndGlobalSection
	GlobalSection(ProjectConfigurationPlatforms) = postSolution
		{8B809D96-4A1C-4564-9212-145C931237F1}.Debug|Any CPU.ActiveCfg = Debug|Any CPU
		{8B809D96-4A1C-4564-9212-145C931237F1}.Debug|Any CPU.Build.0 = Debug|Any CPU
		{8B809D96-4A1C-4564-9212-145C931237F1}.Release|Any CPU.ActiveCfg = Release|Any CPU
		{8B809D96-4A1C-4564-9212-145C931237F1}.Release|Any CPU.Build.0 = Release|Any CPU
	EndGlobalSection
	GlobalSection(SolutionProperties) = preSolution
		HideSolutionNode = FALSE
	EndGlobalSection
	GlobalSection(ExtensibilityGlobals) = postSolution
		SolutionGuid = {BAEA8273-033B-4533-8FB1-E1D95466961E}
	EndGlobalSection
EndGlobal
